# This file is automatically @generated by Cargo.
# It is not intended for manual editing.
[[package]]
name = "my_bin"
version = "0.1.0"
dependencies = [
 "my_lib",
]

[[package]]
name = "my_lib"
version = "0.1.0"
source = "registry+https://github.com/picklenerd/test_registry"
checksum = "b179c5660a352893bc860996711dfe97ada85fda4fa76748487aa6615f35453f"
