# This file is automatically @generated by Cargo.
# It is not intended for manual editing.
[[package]]
name = "my_bin"
version = "0.1.0"
dependencies = [
 "my_lib",
]

[[package]]
name = "my_lib"
version = "0.1.5"
source = "registry+https://github.com/picklenerd/test_registry"
checksum = "0574dfe130c1ea271f25dfbc0e2546c567af934a6c4df355274638bc8eeae2ab"
