# This file is automatically @generated by Cargo.
# It is not intended for manual editing.
[[package]]
name = "my_bin"
version = "0.1.0"
dependencies = [
 "my_lib",
]

[[package]]
name = "my_lib"
version = "0.2.4"
source = "registry+https://github.com/picklenerd/test_registry"
checksum = "983872041fd48658b49a1e6057cfdd678571171e252d72d8de1fb18cabc16c7a"
